- type: entity
  id: OathBaseBlocking
  abstract: true
  components:
  - type: BlockableWeapon
    effectsOnBlockForAttacker:
    - !type:ModifyStatusEffect
      effectProto: OathStatusEffectSlowdown
      time: 2
    - !type:ModifyStatusEffect
      effectProto: OathStatusEffectStagger
      time: 2